{
  "version": 4,
  "terraform_version": "1.5.7",
  "serial": 3,
  "lineage": "9398d126-0272-f014-0c78-8d9015b66f13",
  "outputs": {
    "cluster_name": {
      "value": "payfuture-gke-cluster",
      "type": "string"
    },
    "endpoint": {
      "value": "34.63.68.96",
      "type": "string"
    }
  },
  "resources": [
    {
      "mode": "managed",
      "type": "google_container_cluster",
      "name": "primary",
      "provider": "provider[\"registry.terraform.io/hashicorp/google\"]",
      "instances": [
        {
          "schema_version": 2,
          "attributes": {
            "addons_config": [
              {
                "cloudrun_config": [],
                "config_connector_config": [],
                "dns_cache_config": [],
                "gce_persistent_disk_csi_driver_config": [
                  {
                    "enabled": true
                  }
                ],
                "gcp_filestore_csi_driver_config": [],
                "gcs_fuse_csi_driver_config": [],
                "gke_backup_agent_config": [],
                "horizontal_pod_autoscaling": [],
                "http_load_balancing": [],
                "network_policy_config": [
                  {
                    "disabled": true
                  }
                ],
                "ray_operator_config": [],
                "stateful_ha_config": []
              }
            ],
            "allow_net_admin": null,
            "authenticator_groups_config": [],
            "binary_authorization": [
              {
                "enabled": false,
                "evaluation_mode": ""
              }
            ],
            "cluster_autoscaling": [
              {
                "auto_provisioning_defaults": [],
                "auto_provisioning_locations": [],
                "autoscaling_profile": "BALANCED",
                "enabled": false,
                "resource_limits": []
              }
            ],
            "cluster_ipv4_cidr": "10.112.0.0/14",
            "confidential_nodes": [],
            "cost_management_config": [],
            "database_encryption": [
              {
                "key_name": "",
                "state": "DECRYPTED"
              }
            ],
            "datapath_provider": "",
            "default_max_pods_per_node": 110,
            "default_snat_status": [
              {
                "disabled": false
              }
            ],
            "deletion_protection": true,
            "description": "",
            "dns_config": [],
            "enable_autopilot": false,
            "enable_cilium_clusterwide_network_policy": false,
            "enable_intranode_visibility": false,
            "enable_k8s_beta_apis": [],
            "enable_kubernetes_alpha": false,
            "enable_l4_ilb_subsetting": false,
            "enable_legacy_abac": false,
            "enable_multi_networking": false,
            "enable_shielded_nodes": true,
            "enable_tpu": false,
            "endpoint": "34.63.68.96",
            "fleet": [],
            "gateway_api_config": [],
            "id": "projects/genuine-park-463208-g0/locations/us-central1-a/clusters/payfuture-gke-cluster",
            "identity_service_config": [],
            "initial_node_count": 1,
            "ip_allocation_policy": [
              {
                "additional_pod_ranges_config": [],
                "cluster_ipv4_cidr_block": "10.112.0.0/14",
                "cluster_secondary_range_name": "gke-payfuture-gke-cluster-pods-b9c0f53d",
                "pod_cidr_overprovision_config": [
                  {
                    "disabled": false
                  }
                ],
                "services_ipv4_cidr_block": "34.118.224.0/20",
                "services_secondary_range_name": "",
                "stack_type": "IPV4"
              }
            ],
            "label_fingerprint": "a9dc16a7",
            "location": "us-central1-a",
            "logging_config": [
              {
                "enable_components": [
                  "SYSTEM_COMPONENTS",
                  "WORKLOADS"
                ]
              }
            ],
            "logging_service": "logging.googleapis.com/kubernetes",
            "maintenance_policy": [],
            "master_auth": [
              {
                "client_certificate": "",
                "client_certificate_config": [
                  {
                    "issue_client_certificate": false
                  }
                ],
                "client_key": "",
                "cluster_ca_certificate": "LS0tLS1CRUdJTiBDRVJUSUZJQ0FURS0tLS0tCk1JSUVMRENDQXBTZ0F3SUJBZ0lRYXpiVEZxUHF2RllYUUlGdWJKUnVYekFOQmdrcWhraUc5dzBCQVFzRkFEQXYKTVMwd0t3WURWUVFERXlRM05ESmxNalEyTWkwNVlUUTNMVFEwTURRdFlXUTVPQzA1TURSbU9UUm1PRFEzTVRjdwpJQmNOTWpVd05qRTNNVFUwTlRVMFdoZ1BNakExTlRBMk1UQXhOalExTlRSYU1DOHhMVEFyQmdOVkJBTVRKRGMwCk1tVXlORFl5TFRsaE5EY3RORFF3TkMxaFpEazRMVGt3TkdZNU5HWTRORGN4TnpDQ0FhSXdEUVlKS29aSWh2Y04KQVFFQkJRQURnZ0dQQURDQ0FZb0NnZ0dCQU43cDJyT0phRnhhNHh1MEsyVk9hbG0rcmpjUkJ3SUF5Wi9YL3NFNApFemhKbmE0TmVndUhOajJiVkxoSFFTVjhqd0FiWE5qNm1lUmhXKzZuZE5IUVNVWEpGMmZIMitCLzBuck82U09yCnRnS1ZpYzBnMFlFc1BNZmRmL2JUaWRKMlN3alRPQ2xUcVcvaTREdHB2Qkt2Uy8zMDhEbjA3VklkQjA2SDk1eWcKWnZSdlZNTk50V0l1VnFNYUtxNGh5dFJuaUFOTk9EcnRFWXhZaHFyL2NqTVQ3OUs3OUozZ2NWbjB0L1hwNjZwVwpkYndTVDd4bG5oQ3IxRjlJdnpmaDNIcms5d0dTZ2gyRk5JM0VaeXQ2N2xoRjRPUEc2RkEycXRuM1N6d1Q3em4xCkhwQ0pIRXRZK3FYQzVrVlpxVEVjeXZhMk5oTFhYeS8xVURyVlQrQVppRmk2bFpkM0wyRXlqNXYzR0ZVM2xwRUUKaDBWVHhUbWNXYkZYMWNGSEp0N3hKckl6SjJ3aFZXTDZGcTJtZURtdGxqZk9qUGtXQmk0Q2pnVXNWcWxFYUtCNgpTeEh0MFZuZmRzZ3RETk4wdWVMaHZLcS9oNUlzRjdlZ1c0dU9rMDFvT1pSc0hRWFRoRFhDUCtjdnQxT1VndE9UCnVNcEthUXpJNCs4N1RER2pYdGVLZk5aUHNRSURBUUFCbzBJd1FEQU9CZ05WSFE4QkFmOEVCQU1DQWdRd0R3WUQKVlIwVEFRSC9CQVV3QXdFQi96QWRCZ05WSFE0RUZnUVVoMGFDQmRPeEVNV3ljenV2KzA5VENwQk13OFF3RFFZSgpLb1pJaHZjTkFRRUxCUUFEZ2dHQkFOeW5YSWh3N3o0MmZZWndsVFpGUlJnWXh0VjhjU0IyNDlGbFVPREdKMXFUCkZqSWRzcE5aeEp5Vk9id0JlOHBRZ2hqbHlJUi9XaE9TMzU1UGdoaGdGcksyWmx6UkFKekZxLzJwdHpaUnpPS28KdzFlMkk5NWVCdDVrMkxUNk9QeFlZQzkwR1NEdDdBWWF6UUJOeGZDWGoxMFZuekVLbXVNSWd0MFJITjc0N2hCUwpOWitJZTgyQ2xXZ2gzME8yc2VBVCs0RGcxRnNxU3lxZ1QraUpVSzEzdnh0RDVGSFlNWGxzdWQ5TElWYktiRXhlCjJqdjVkMXFVZ1VhQU5PVlBuM1ZYeVdDMmtTWUZlUG5nQnVJQjhvYzNJQ2d1c0NyVEFDSlVidWRGak56cVJPSG4KZkh5bXYwQXFwUE1FclVTYzdCd0dqcTUwbmJGWGd1WWpNc2NNcUVlblk5Y2JHZXBOVVhQanpnYk55dFYwaVIrbQoyRHVMa1Y4aUlqUlVyb1NMRUFML08wWXNDWFZFcXQ0elFsUE10dy8vWDlMWGVoMk1LWDNUYnlkMERVNlpHd1p1CnRha1lvUmF5eHBVMnpxNTE2TG1KR2VOQ09JRVRBV3R0ZG45Q3dGLy93b05rWUtWNU96S29YRkNVZ24xd1VLOEUKWXZONzJPbUVINU1hMVVJSHRwT3YxUT09Ci0tLS0tRU5EIENFUlRJRklDQVRFLS0tLS0K"
              }
            ],
            "master_authorized_networks_config": [],
            "master_version": "1.32.4-gke.1353003",
            "mesh_certificates": [],
            "min_master_version": null,
            "monitoring_config": [
              {
                "advanced_datapath_observability_config": [
                  {
                    "enable_metrics": false,
                    "enable_relay": false,
                    "relay_mode": "DISABLED"
                  }
                ],
                "enable_components": [
                  "SYSTEM_COMPONENTS",
                  "HPA",
                  "POD",
                  "DAEMONSET",
                  "DEPLOYMENT",
                  "STATEFULSET",
                  "JOBSET",
                  "STORAGE",
                  "KUBELET",
                  "CADVISOR",
                  "DCGM"
                ],
                "managed_prometheus": [
                  {
                    "enabled": true
                  }
                ]
              }
            ],
            "monitoring_service": "monitoring.googleapis.com/kubernetes",
            "name": "payfuture-gke-cluster",
            "network": "projects/genuine-park-463208-g0/global/networks/default",
            "network_policy": [
              {
                "enabled": false,
                "provider": "PROVIDER_UNSPECIFIED"
              }
            ],
            "networking_mode": "VPC_NATIVE",
            "node_config": [],
            "node_locations": [],
            "node_pool": [],
            "node_pool_auto_config": [
              {
                "network_tags": [],
                "node_kubelet_config": [
                  {
                    "insecure_kubelet_readonly_port_enabled": "FALSE"
                  }
                ],
                "resource_manager_tags": {}
              }
            ],
            "node_pool_defaults": [
              {
                "node_config_defaults": [
                  {
                    "containerd_config": [],
                    "insecure_kubelet_readonly_port_enabled": "FALSE",
                    "logging_variant": "DEFAULT"
                  }
                ]
              }
            ],
            "node_version": "1.32.4-gke.1353003",
            "notification_config": [
              {
                "pubsub": [
                  {
                    "enabled": false,
                    "filter": [],
                    "topic": ""
                  }
                ]
              }
            ],
            "operation": null,
            "private_cluster_config": [
              {
                "enable_private_endpoint": false,
                "enable_private_nodes": false,
                "master_global_access_config": [
                  {
                    "enabled": false
                  }
                ],
                "master_ipv4_cidr_block": "",
                "peering_name": "",
                "private_endpoint": "10.128.0.6",
                "private_endpoint_subnetwork": "",
                "public_endpoint": "34.63.68.96"
              }
            ],
            "private_ipv6_google_access": "",
            "project": "genuine-park-463208-g0",
            "release_channel": [
              {
                "channel": "REGULAR"
              }
            ],
            "remove_default_node_pool": true,
            "resource_labels": null,
            "resource_usage_export_config": [],
            "security_posture_config": [
              {
                "mode": "BASIC",
                "vulnerability_mode": "VULNERABILITY_MODE_UNSPECIFIED"
              }
            ],
            "self_link": "https://container.googleapis.com/v1/projects/genuine-park-463208-g0/zones/us-central1-a/clusters/payfuture-gke-cluster",
            "service_external_ips_config": [
              {
                "enabled": false
              }
            ],
            "services_ipv4_cidr": "34.118.224.0/20",
            "subnetwork": "projects/genuine-park-463208-g0/regions/us-central1/subnetworks/default",
            "timeouts": null,
            "tpu_ipv4_cidr_block": "",
            "vertical_pod_autoscaling": [],
            "workload_identity_config": []
          },
          "sensitive_attributes": [],
          "private": "eyJlMmJmYjczMC1lY2FhLTExZTYtOGY4OC0zNDM2M2JjN2M0YzAiOnsiY3JlYXRlIjoyNDAwMDAwMDAwMDAwLCJkZWxldGUiOjI0MDAwMDAwMDAwMDAsInJlYWQiOjI0MDAwMDAwMDAwMDAsInVwZGF0ZSI6MzYwMDAwMDAwMDAwMH0sInNjaGVtYV92ZXJzaW9uIjoiMiJ9"
        }
      ]
    },
    {
      "mode": "managed",
      "type": "google_container_node_pool",
      "name": "primary_nodes",
      "provider": "provider[\"registry.terraform.io/hashicorp/google\"]",
      "instances": [
        {
          "schema_version": 1,
          "attributes": {
            "autoscaling": [],
            "cluster": "payfuture-gke-cluster",
            "id": "projects/genuine-park-463208-g0/locations/us-central1-a/clusters/payfuture-gke-cluster/nodePools/default-node-pool",
            "initial_node_count": 3,
            "instance_group_urls": [
              "https://www.googleapis.com/compute/v1/projects/genuine-park-463208-g0/zones/us-central1-a/instanceGroupManagers/gke-payfuture-gke-cl-default-node-poo-970db0f9-grp"
            ],
            "location": "us-central1-a",
            "managed_instance_group_urls": [
              "https://www.googleapis.com/compute/v1/projects/genuine-park-463208-g0/zones/us-central1-a/instanceGroups/gke-payfuture-gke-cl-default-node-poo-970db0f9-grp"
            ],
            "management": [
              {
                "auto_repair": true,
                "auto_upgrade": true
              }
            ],
            "max_pods_per_node": 110,
            "name": "default-node-pool",
            "name_prefix": "",
            "network_config": [
              {
                "additional_node_network_configs": [],
                "additional_pod_network_configs": [],
                "create_pod_range": false,
                "enable_private_nodes": false,
                "network_performance_config": [],
                "pod_cidr_overprovision_config": [],
                "pod_ipv4_cidr_block": "10.112.0.0/14",
                "pod_range": "gke-payfuture-gke-cluster-pods-b9c0f53d"
              }
            ],
            "node_config": [
              {
                "advanced_machine_features": [],
                "boot_disk_kms_key": "",
                "confidential_nodes": [],
                "containerd_config": [],
                "disk_size_gb": 100,
                "disk_type": "pd-balanced",
                "effective_taints": [],
                "enable_confidential_storage": false,
                "ephemeral_storage_local_ssd_config": [],
                "fast_socket": [],
                "gcfs_config": [],
                "guest_accelerator": [],
                "gvnic": [],
                "host_maintenance_policy": [],
                "image_type": "COS_CONTAINERD",
                "kubelet_config": [
                  {
                    "cpu_cfs_quota": false,
                    "cpu_cfs_quota_period": "",
                    "cpu_manager_policy": "",
                    "insecure_kubelet_readonly_port_enabled": "FALSE",
                    "pod_pids_limit": 0
                  }
                ],
                "labels": {},
                "linux_node_config": [],
                "local_nvme_ssd_block_config": [],
                "local_ssd_count": 0,
                "logging_variant": "DEFAULT",
                "machine_type": "e2-medium",
                "metadata": {
                  "disable-legacy-endpoints": "true"
                },
                "min_cpu_platform": "",
                "node_group": "",
                "oauth_scopes": [
                  "https://www.googleapis.com/auth/cloud-platform"
                ],
                "preemptible": false,
                "reservation_affinity": [],
                "resource_labels": {
                  "goog-gke-node-pool-provisioning-model": "on-demand"
                },
                "resource_manager_tags": null,
                "secondary_boot_disks": [],
                "service_account": "default",
                "shielded_instance_config": [
                  {
                    "enable_integrity_monitoring": true,
                    "enable_secure_boot": false
                  }
                ],
                "sole_tenant_config": [],
                "spot": false,
                "tags": null,
                "taint": [],
                "workload_metadata_config": []
              }
            ],
            "node_count": 3,
            "node_locations": [
              "us-central1-a"
            ],
            "operation": null,
            "placement_policy": [],
            "project": "genuine-park-463208-g0",
            "queued_provisioning": [],
            "timeouts": null,
            "upgrade_settings": [
              {
                "blue_green_settings": [],
                "max_surge": 1,
                "max_unavailable": 0,
                "strategy": "SURGE"
              }
            ],
            "version": "1.32.4-gke.1353003"
          },
          "sensitive_attributes": [],
          "private": "eyJlMmJmYjczMC1lY2FhLTExZTYtOGY4OC0zNDM2M2JjN2M0YzAiOnsiY3JlYXRlIjoxODAwMDAwMDAwMDAwLCJkZWxldGUiOjE4MDAwMDAwMDAwMDAsInVwZGF0ZSI6MTgwMDAwMDAwMDAwMH0sInNjaGVtYV92ZXJzaW9uIjoiMSJ9",
          "dependencies": [
            "google_container_cluster.primary"
          ]
        }
      ]
    }
  ],
  "check_results": null
}
